
Microsoft Visual Studio Solution File, Format Version 12.00
# Visual Studio Version 16
VisualStudioVersion = 16.0.29728.190
MinimumVisualStudioVersion = 10.0.40219.1
Project("{FAE04EC0-301F-11D3-BF4B-00C04F79EFBC}") = "Mosesbox-fit", "Mosesbox-fit\Mosesbox-fit.csproj", "{1FE2E342-D6A9-4767-8F8A-8AF94C4AC2FE}"
EndProject
Global
	GlobalSection(SolutionConfigurationPlatforms) = preSolution
		Debug|Any CPU = Debug|Any CPU
		Release|Any CPU = Release|Any CPU
	EndGlobalSection
	GlobalSection(ProjectConfigurationPlatforms) = postSolution
		{1FE2E342-D6A9-4767-8F8A-8AF94C4AC2FE}.Debug|Any CPU.ActiveCfg = Debug|Any CPU
		{1FE2E342-D6A9-4767-8F8A-8AF94C4AC2FE}.Debug|Any CPU.Build.0 = Debug|Any CPU
		{1FE2E342-D6A9-4767-8F8A-8AF94C4AC2FE}.Release|Any CPU.ActiveCfg = Release|Any CPU
		{1FE2E342-D6A9-4767-8F8A-8AF94C4AC2FE}.Release|Any CPU.Build.0 = Release|Any CPU
	EndGlobalSection
	GlobalSection(SolutionProperties) = preSolution
		HideSolutionNode = FALSE
	EndGlobalSection
	GlobalSection(ExtensibilityGlobals) = postSolution
		SolutionGuid = {94524571-BA21-4C71-940B-A83934A715FC}
	EndGlobalSection
EndGlobal
